
Microsoft Visual Studio Solution File, Format Version 12.00
# Visual Studio 14
VisualStudioVersion = 14.0.25420.1
MinimumVisualStudioVersion = 10.0.40219.1
Project("{FAE04EC0-301F-11D3-BF4B-00C04F79EFBC}") = "RobotCtrl", "RobotCtrl\RobotCtrl.csproj", "{8839E9DD-8FF5-41AF-820A-FCF120AD79C5}"
EndProject
Project("{FAE04EC0-301F-11D3-BF4B-00C04F79EFBC}") = "RobotView", "RobotView\RobotView.csproj", "{B49F474B-7713-4267-B8BB-106634284516}"
EndProject
Project("{FAE04EC0-301F-11D3-BF4B-00C04F79EFBC}") = "TestConsole", "TestConsole\TestConsole.csproj", "{6B141765-849C-4881-933B-6ABECA11C373}"
EndProject
Project("{FAE04EC0-301F-11D3-BF4B-00C04F79EFBC}") = "RobotIO", "RobotIO\RobotIO.csproj", "{6F9F0048-8A3A-49BF-BE64-DF0CE1ECAE09}"
EndProject
Project("{FAE04EC0-301F-11D3-BF4B-00C04F79EFBC}") = "TestMotor", "DeviceApplication1\TestMotor.csproj", "{5E48FE2F-3599-416A-9D8B-B041D4A0FB2E}"
EndProject
Global
	GlobalSection(SolutionConfigurationPlatforms) = preSolution
		Debug|Any CPU = Debug|Any CPU
		Release|Any CPU = Release|Any CPU
	EndGlobalSection
	GlobalSection(ProjectConfigurationPlatforms) = postSolution
		{8839E9DD-8FF5-41AF-820A-FCF120AD79C5}.Debug|Any CPU.ActiveCfg = Debug|Any CPU
		{8839E9DD-8FF5-41AF-820A-FCF120AD79C5}.Debug|Any CPU.Build.0 = Debug|Any CPU
		{8839E9DD-8FF5-41AF-820A-FCF120AD79C5}.Debug|Any CPU.Deploy.0 = Debug|Any CPU
		{8839E9DD-8FF5-41AF-820A-FCF120AD79C5}.Release|Any CPU.ActiveCfg = Release|Any CPU
		{8839E9DD-8FF5-41AF-820A-FCF120AD79C5}.Release|Any CPU.Build.0 = Release|Any CPU
		{8839E9DD-8FF5-41AF-820A-FCF120AD79C5}.Release|Any CPU.Deploy.0 = Release|Any CPU
		{B49F474B-7713-4267-B8BB-106634284516}.Debug|Any CPU.ActiveCfg = Debug|Any CPU
		{B49F474B-7713-4267-B8BB-106634284516}.Debug|Any CPU.Build.0 = Debug|Any CPU
		{B49F474B-7713-4267-B8BB-106634284516}.Debug|Any CPU.Deploy.0 = Debug|Any CPU
		{B49F474B-7713-4267-B8BB-106634284516}.Release|Any CPU.ActiveCfg = Release|Any CPU
		{B49F474B-7713-4267-B8BB-106634284516}.Release|Any CPU.Build.0 = Release|Any CPU
		{B49F474B-7713-4267-B8BB-106634284516}.Release|Any CPU.Deploy.0 = Release|Any CPU
		{6B141765-849C-4881-933B-6ABECA11C373}.Debug|Any CPU.ActiveCfg = Debug|Any CPU
		{6B141765-849C-4881-933B-6ABECA11C373}.Debug|Any CPU.Build.0 = Debug|Any CPU
		{6B141765-849C-4881-933B-6ABECA11C373}.Debug|Any CPU.Deploy.0 = Debug|Any CPU
		{6B141765-849C-4881-933B-6ABECA11C373}.Release|Any CPU.ActiveCfg = Release|Any CPU
		{6B141765-849C-4881-933B-6ABECA11C373}.Release|Any CPU.Build.0 = Release|Any CPU
		{6B141765-849C-4881-933B-6ABECA11C373}.Release|Any CPU.Deploy.0 = Release|Any CPU
		{6F9F0048-8A3A-49BF-BE64-DF0CE1ECAE09}.Debug|Any CPU.ActiveCfg = Debug|Any CPU
		{6F9F0048-8A3A-49BF-BE64-DF0CE1ECAE09}.Debug|Any CPU.Build.0 = Debug|Any CPU
		{6F9F0048-8A3A-49BF-BE64-DF0CE1ECAE09}.Debug|Any CPU.Deploy.0 = Debug|Any CPU
		{6F9F0048-8A3A-49BF-BE64-DF0CE1ECAE09}.Release|Any CPU.ActiveCfg = Release|Any CPU
		{6F9F0048-8A3A-49BF-BE64-DF0CE1ECAE09}.Release|Any CPU.Build.0 = Release|Any CPU
		{6F9F0048-8A3A-49BF-BE64-DF0CE1ECAE09}.Release|Any CPU.Deploy.0 = Release|Any CPU
		{5E48FE2F-3599-416A-9D8B-B041D4A0FB2E}.Debug|Any CPU.ActiveCfg = Debug|Any CPU
		{5E48FE2F-3599-416A-9D8B-B041D4A0FB2E}.Debug|Any CPU.Build.0 = Debug|Any CPU
		{5E48FE2F-3599-416A-9D8B-B041D4A0FB2E}.Debug|Any CPU.Deploy.0 = Debug|Any CPU
		{5E48FE2F-3599-416A-9D8B-B041D4A0FB2E}.Release|Any CPU.ActiveCfg = Release|Any CPU
		{5E48FE2F-3599-416A-9D8B-B041D4A0FB2E}.Release|Any CPU.Build.0 = Release|Any CPU
		{5E48FE2F-3599-416A-9D8B-B041D4A0FB2E}.Release|Any CPU.Deploy.0 = Release|Any CPU
	EndGlobalSection
	GlobalSection(SolutionProperties) = preSolution
		HideSolutionNode = FALSE
	EndGlobalSection
EndGlobal
